
Microsoft Visual Studio Solution File, Format Version 12.00
# Visual Studio 15
Project("{FAE04EC0-301F-11D3-BF4B-00C04F79EFBC}") = "Assembly-CSharp", "Assembly-CSharp.csproj", "{3E67118A-F235-CC24-9F8A-57A6CF74145B}"
EndProject
Project("{FAE04EC0-301F-11D3-BF4B-00C04F79EFBC}") = "Assembly-CSharp-Editor", "Assembly-CSharp-Editor.csproj", "{6EFAEDD2-002B-6843-4A42-1AFC965C42DD}"
EndProject
Project("{FAE04EC0-301F-11D3-BF4B-00C04F79EFBC}") = "Assembly-CSharp-firstpass", "Assembly-CSharp-firstpass.csproj", "{1B92EA7D-7DBF-7CAC-7436-BED38A5C903F}"
EndProject
Global
	GlobalSection(SolutionConfigurationPlatforms) = preSolution
		Debug|Any CPU = Debug|Any CPU
		Release|Any CPU = Release|Any CPU
	EndGlobalSection
	GlobalSection(ProjectConfigurationPlatforms) = postSolution
		{3E67118A-F235-CC24-9F8A-57A6CF74145B}.Debug|Any CPU.ActiveCfg = Debug|Any CPU
		{3E67118A-F235-CC24-9F8A-57A6CF74145B}.Debug|Any CPU.Build.0 = Debug|Any CPU
		{3E67118A-F235-CC24-9F8A-57A6CF74145B}.Release|Any CPU.ActiveCfg = Release|Any CPU
		{3E67118A-F235-CC24-9F8A-57A6CF74145B}.Release|Any CPU.Build.0 = Release|Any CPU
		{6EFAEDD2-002B-6843-4A42-1AFC965C42DD}.Debug|Any CPU.ActiveCfg = Debug|Any CPU
		{6EFAEDD2-002B-6843-4A42-1AFC965C42DD}.Debug|Any CPU.Build.0 = Debug|Any CPU
		{6EFAEDD2-002B-6843-4A42-1AFC965C42DD}.Release|Any CPU.ActiveCfg = Release|Any CPU
		{6EFAEDD2-002B-6843-4A42-1AFC965C42DD}.Release|Any CPU.Build.0 = Release|Any CPU
		{1B92EA7D-7DBF-7CAC-7436-BED38A5C903F}.Debug|Any CPU.ActiveCfg = Debug|Any CPU
		{1B92EA7D-7DBF-7CAC-7436-BED38A5C903F}.Debug|Any CPU.Build.0 = Debug|Any CPU
		{1B92EA7D-7DBF-7CAC-7436-BED38A5C903F}.Release|Any CPU.ActiveCfg = Release|Any CPU
		{1B92EA7D-7DBF-7CAC-7436-BED38A5C903F}.Release|Any CPU.Build.0 = Release|Any CPU
	EndGlobalSection
	GlobalSection(SolutionProperties) = preSolution
		HideSolutionNode = FALSE
	EndGlobalSection
EndGlobal
